// !$*UTF8*$!
{
	archiveVersion = 1;
	classes = {
	};
	objectVersion = 50;
	objects = {

/* Begin PBXBuildFile section */
		DC2E755422714040005979CD /* SecondViewController.swift in Sources */ = {isa = PBXBuildFile; fileRef = DC2E755322714040005979CD /* SecondViewController.swift */; };
		DCA7EB5D22712CA800D15D5D /* QMButtonBarBlock.swift in Sources */ = {isa = PBXBuildFile; fileRef = DCA7EB5C22712CA800D15D5D /* QMButtonBarBlock.swift */; };
		DCA7EB5F22712CB900D15D5D /* QMButtonBarBlock.xib in Resources */ = {isa = PBXBuildFile; fileRef = DCA7EB5E22712CB900D15D5D /* QMButtonBarBlock.xib */; };
		DCD1A15C226D454600C8F6F5 /* AppDelegate.swift in Sources */ = {isa = PBXBuildFile; fileRef = DCD1A15B226D454600C8F6F5 /* AppDelegate.swift */; };
		DCD1A15E226D454600C8F6F5 /* ViewController.swift in Sources */ = {isa = PBXBuildFile; fileRef = DCD1A15D226D454600C8F6F5 /* ViewController.swift */; };
		DCD1A161226D454600C8F6F5 /* Main.storyboard in Resources */ = {isa = PBXBuildFile; fileRef = DCD1A15F226D454600C8F6F5 /* Main.storyboard */; };
		DCD1A163226D454700C8F6F5 /* Assets.xcassets in Resources */ = {isa = PBXBuildFile; fileRef = DCD1A162226D454700C8F6F5 /* Assets.xcassets */; };
		DCD1A166226D454700C8F6F5 /* LaunchScreen.storyboard in Resources */ = {isa = PBXBuildFile; fileRef = DCD1A164226D454700C8F6F5 /* LaunchScreen.storyboard */; };
		DCD1A16E226D455E00C8F6F5 /* QMBottomNavigationBar.swift in Sources */ = {isa = PBXBuildFile; fileRef = DCD1A16D226D455D00C8F6F5 /* QMBottomNavigationBar.swift */; };
/* End PBXBuildFile section */

/* Begin PBXFileReference section */
		DC2E755322714040005979CD /* SecondViewController.swift */ = {isa = PBXFileReference; lastKnownFileType = sourcecode.swift; path = SecondViewController.swift; sourceTree = "<group>"; };
		DCA7EB5C22712CA800D15D5D /* QMButtonBarBlock.swift */ = {isa = PBXFileReference; lastKnownFileType = sourcecode.swift; path = QMButtonBarBlock.swift; sourceTree = "<group>"; };
		DCA7EB5E22712CB900D15D5D /* QMButtonBarBlock.xib */ = {isa = PBXFileReference; lastKnownFileType = file.xib; path = QMButtonBarBlock.xib; sourceTree = "<group>"; };
		DCD1A158226D454600C8F6F5 /* QMBottomNavigationBar.app */ = {isa = PBXFileReference; explicitFileType = wrapper.application; includeInIndex = 0; path = QMBottomNavigationBar.app; sourceTree = BUILT_PRODUCTS_DIR; };
		DCD1A15B226D454600C8F6F5 /* AppDelegate.swift */ = {isa = PBXFileReference; lastKnownFileType = sourcecode.swift; path = AppDelegate.swift; sourceTree = "<group>"; };
		DCD1A15D226D454600C8F6F5 /* ViewController.swift */ = {isa = PBXFileReference; lastKnownFileType = sourcecode.swift; path = ViewController.swift; sourceTree = "<group>"; };
		DCD1A160226D454600C8F6F5 /* Base */ = {isa = PBXFileReference; lastKnownFileType = file.storyboard; name = Base; path = Base.lproj/Main.storyboard; sourceTree = "<group>"; };
		DCD1A162226D454700C8F6F5 /* Assets.xcassets */ = {isa = PBXFileReference; lastKnownFileType = folder.assetcatalog; path = Assets.xcassets; sourceTree = "<group>"; };
		DCD1A165226D454700C8F6F5 /* Base */ = {isa = PBXFileReference; lastKnownFileType = file.storyboard; name = Base; path = Base.lproj/LaunchScreen.storyboard; sourceTree = "<group>"; };
		DCD1A167226D454700C8F6F5 /* Info.plist */ = {isa = PBXFileReference; lastKnownFileType = text.plist.xml; path = Info.plist; sourceTree = "<group>"; };
		DCD1A16D226D455D00C8F6F5 /* QMBottomNavigationBar.swift */ = {isa = PBXFileReference; fileEncoding = 4; lastKnownFileType = sourcecode.swift; path = QMBottomNavigationBar.swift; sourceTree = "<group>"; };
/* End PBXFileReference section */

/* Begin PBXFrameworksBuildPhase section */
		DCD1A155226D454600C8F6F5 /* Frameworks */ = {
			isa = PBXFrameworksBuildPhase;
			buildActionMask = 2147483647;
			files = (
			);
			runOnlyForDeploymentPostprocessing = 0;
		};
/* End PBXFrameworksBuildPhase section */

/* Begin PBXGroup section */
		DC2E755522714990005979CD /* Views */ = {
			isa = PBXGroup;
			children = (
				DCD1A16D226D455D00C8F6F5 /* QMBottomNavigationBar.swift */,
			);
			path = Views;
			sourceTree = "<group>";
		};
		DCD1A14F226D454600C8F6F5 = {
			isa = PBXGroup;
			children = (
				DCD1A15A226D454600C8F6F5 /* QMBottomNavigationBar */,
				DCD1A159226D454600C8F6F5 /* Products */,
			);
			sourceTree = "<group>";
		};
		DCD1A159226D454600C8F6F5 /* Products */ = {
			isa = PBXGroup;
			children = (
				DCD1A158226D454600C8F6F5 /* QMBottomNavigationBar.app */,
			);
			name = Products;
			sourceTree = "<group>";
		};
		DCD1A15A226D454600C8F6F5 /* QMBottomNavigationBar */ = {
			isa = PBXGroup;
			children = (
				DC2E755522714990005979CD /* Views */,
				DCD1A15B226D454600C8F6F5 /* AppDelegate.swift */,
				DCD1A15D226D454600C8F6F5 /* ViewController.swift */,
				DC2E755322714040005979CD /* SecondViewController.swift */,
				DCD1A15F226D454600C8F6F5 /* Main.storyboard */,
				DCD1A162226D454700C8F6F5 /* Assets.xcassets */,
				DCD1A164226D454700C8F6F5 /* LaunchScreen.storyboard */,
				DCD1A167226D454700C8F6F5 /* Info.plist */,
				DCA7EB5C22712CA800D15D5D /* QMButtonBarBlock.swift */,
				DCA7EB5E22712CB900D15D5D /* QMButtonBarBlock.xib */,
			);
			path = QMBottomNavigationBar;
			sourceTree = "<group>";
		};
/* End PBXGroup section */

/* Begin PBXNativeTarget section */
		DCD1A157226D454600C8F6F5 /* QMBottomNavigationBar */ = {
			isa = PBXNativeTarget;
			buildConfigurationList = DCD1A16A226D454700C8F6F5 /* Build configuration list for PBXNativeTarget "QMBottomNavigationBar" */;
			buildPhases = (
				DCD1A154226D454600C8F6F5 /* Sources */,
				DCD1A155226D454600C8F6F5 /* Frameworks */,
				DCD1A156226D454600C8F6F5 /* Resources */,
			);
			buildRules = (
			);
			dependencies = (
			);
			name = QMBottomNavigationBar;
			productName = UUBottomNavigationBar;
			productReference = DCD1A158226D454600C8F6F5 /* QMBottomNavigationBar.app */;
			productType = "com.apple.product-type.application";
		};
/* End PBXNativeTarget section */

/* Begin PBXProject section */
		DCD1A150226D454600C8F6F5 /* Project object */ = {
			isa = PBXProject;
			attributes = {
				LastSwiftUpdateCheck = 1010;
				LastUpgradeCheck = 1010;
				ORGANIZATIONNAME = sm;
				TargetAttributes = {
					DCD1A157226D454600C8F6F5 = {
						CreatedOnToolsVersion = 10.1;
					};
				};
			};
			buildConfigurationList = DCD1A153226D454600C8F6F5 /* Build configuration list for PBXProject "QMBottomNavigationBar" */;
			compatibilityVersion = "Xcode 9.3";
			developmentRegion = en;
			hasScannedForEncodings = 0;
			knownRegions = (
				en,
				Base,
			);
			mainGroup = DCD1A14F226D454600C8F6F5;
			productRefGroup = DCD1A159226D454600C8F6F5 /* Products */;
			projectDirPath = "";
			projectRoot = "";
			targets = (
				DCD1A157226D454600C8F6F5 /* QMBottomNavigationBar */,
			);
		};
/* End PBXProject section */

/* Begin PBXResourcesBuildPhase section */
		DCD1A156226D454600C8F6F5 /* Resources */ = {
			isa = PBXResourcesBuildPhase;
			buildActionMask = 2147483647;
			files = (
				DCD1A166226D454700C8F6F5 /* LaunchScreen.storyboard in Resources */,
				DCD1A163226D454700C8F6F5 /* Assets.xcassets in Resources */,
				DCD1A161226D454600C8F6F5 /* Main.storyboard in Resources */,
				DCA7EB5F22712CB900D15D5D /* QMButtonBarBlock.xib in Resources */,
			);
			runOnlyForDeploymentPostprocessing = 0;
		};
/* End PBXResourcesBuildPhase section */

/* Begin PBXSourcesBuildPhase section */
		DCD1A154226D454600C8F6F5 /* Sources */ = {
			isa = PBXSourcesBuildPhase;
			buildActionMask = 2147483647;
			files = (
				DCD1A15E226D454600C8F6F5 /* ViewController.swift in Sources */,
				DCD1A16E226D455E00C8F6F5 /* QMBottomNavigationBar.swift in Sources */,
				DCA7EB5D22712CA800D15D5D /* QMButtonBarBlock.swift in Sources */,
				DC2E755422714040005979CD /* SecondViewController.swift in Sources */,
				DCD1A15C226D454600C8F6F5 /* AppDelegate.swift in Sources */,
			);
			runOnlyForDeploymentPostprocessing = 0;
		};
/* End PBXSourcesBuildPhase section */

/* Begin PBXVariantGroup section */
		DCD1A15F226D454600C8F6F5 /* Main.storyboard */ = {
			isa = PBXVariantGroup;
			children = (
				DCD1A160226D454600C8F6F5 /* Base */,
			);
			name = Main.storyboard;
			sourceTree = "<group>";
		};
		DCD1A164226D454700C8F6F5 /* LaunchScreen.storyboard */ = {
			isa = PBXVariantGroup;
			children = (
				DCD1A165226D454700C8F6F5 /* Base */,
			);
			name = LaunchScreen.storyboard;
			sourceTree = "<group>";
		};
/* End PBXVariantGroup section */

/* Begin XCBuildConfiguration section */
		DCD1A168226D454700C8F6F5 /* Debug */ = {
			isa = XCBuildConfiguration;
			buildSettings = {
				ALWAYS_SEARCH_USER_PATHS = NO;
				CLANG_ANALYZER_NONNULL = YES;
				CLANG_ANALYZER_NUMBER_OBJECT_CONVERSION = YES_AGGRESSIVE;
				CLANG_CXX_LANGUAGE_STANDARD = "gnu++14";
				CLANG_CXX_LIBRARY = "libc++";
				CLANG_ENABLE_MODULES = YES;
				CLANG_ENABLE_OBJC_ARC = YES;
				CLANG_ENABLE_OBJC_WEAK = YES;
				CLANG_WARN_BLOCK_CAPTURE_AUTORELEASING = YES;
				CLANG_WARN_BOOL_CONVERSION = YES;
				CLANG_WARN_COMMA = YES;
				CLANG_WARN_CONSTANT_CONVERSION = YES;
				CLANG_WARN_DEPRECATED_OBJC_IMPLEMENTATIONS = YES;
				CLANG_WARN_DIRECT_OBJC_ISA_USAGE = YES_ERROR;
				CLANG_WARN_DOCUMENTATION_COMMENTS = YES;
				CLANG_WARN_EMPTY_BODY = YES;
				CLANG_WARN_ENUM_CONVERSION = YES;
				CLANG_WARN_INFINITE_RECURSION = YES;
				CLANG_WARN_INT_CONVERSION = YES;
				CLANG_WARN_NON_LITERAL_NULL_CONVERSION = YES;
				CLANG_WARN_OBJC_IMPLICIT_RETAIN_SELF = YES;
				CLANG_WARN_OBJC_LITERAL_CONVERSION = YES;
				CLANG_WARN_OBJC_ROOT_CLASS = YES_ERROR;
				CLANG_WARN_RANGE_LOOP_ANALYSIS = YES;
				CLANG_WARN_STRICT_PROTOTYPES = YES;
				CLANG_WARN_SUSPICIOUS_MOVE = YES;
				CLANG_WARN_UNGUARDED_AVAILABILITY = YES_AGGRESSIVE;
				CLANG_WARN_UNREACHABLE_CODE = YES;
				CLANG_WARN__DUPLICATE_METHOD_MATCH = YES;
				CODE_SIGN_IDENTITY = "iPhone Developer";
				COPY_PHASE_STRIP = NO;
				DEBUG_INFORMATION_FORMAT = dwarf;
				ENABLE_STRICT_OBJC_MSGSEND = YES;
				ENABLE_TESTABILITY = YES;
				GCC_C_LANGUAGE_STANDARD = gnu11;
				GCC_DYNAMIC_NO_PIC = NO;
				GCC_NO_COMMON_BLOCKS = YES;
				GCC_OPTIMIZATION_LEVEL = 0;
				GCC_PREPROCESSOR_DEFINITIONS = (
					"DEBUG=1",
					"$(inherited)",
				);
				GCC_WARN_64_TO_32_BIT_CONVERSION = YES;
				GCC_WARN_ABOUT_RETURN_TYPE = YES_ERROR;
				GCC_WARN_UNDECLARED_SELECTOR = YES;
				GCC_WARN_UNINITIALIZED_AUTOS = YES_AGGRESSIVE;
				GCC_WARN_UNUSED_FUNCTION = YES;
				GCC_WARN_UNUSED_VARIABLE = YES;
				IPHONEOS_DEPLOYMENT_TARGET = 12.1;
				MTL_ENABLE_DEBUG_INFO = INCLUDE_SOURCE;
				MTL_FAST_MATH = YES;
				ONLY_ACTIVE_ARCH = YES;
				SDKROOT = iphoneos;
				SWIFT_ACTIVE_COMPILATION_CONDITIONS = DEBUG;
				SWIFT_OPTIMIZATION_LEVEL = "-Onone";
			};
			name = Debug;
		};
		DCD1A169226D454700C8F6F5 /* Release */ = {
			isa = XCBuildConfiguration;
			buildSettings = {
				ALWAYS_SEARCH_USER_PATHS = NO;
				CLANG_ANALYZER_NONNULL = YES;
				CLANG_ANALYZER_NUMBER_OBJECT_CONVERSION = YES_AGGRESSIVE;
				CLANG_CXX_LANGUAGE_STANDARD = "gnu++14";
				CLANG_CXX_LIBRARY = "libc++";
				CLANG_ENABLE_MODULES = YES;
				CLANG_ENABLE_OBJC_ARC = YES;
				CLANG_ENABLE_OBJC_WEAK = YES;
				CLANG_WARN_BLOCK_CAPTURE_AUTORELEASING = YES;
				CLANG_WARN_BOOL_CONVERSION = YES;
				CLANG_WARN_COMMA = YES;
				CLANG_WARN_CONSTANT_CONVERSION = YES;
				CLANG_WARN_DEPRECATED_OBJC_IMPLEMENTATIONS = YES;
				CLANG_WARN_DIRECT_OBJC_ISA_USAGE = YES_ERROR;
				CLANG_WARN_DOCUMENTATION_COMMENTS = YES;
				CLANG_WARN_EMPTY_BODY = YES;
				CLANG_WARN_ENUM_CONVERSION = YES;
				CLANG_WARN_INFINITE_RECURSION = YES;
				CLANG_WARN_INT_CONVERSION = YES;
				CLANG_WARN_NON_LITERAL_NULL_CONVERSION = YES;
				CLANG_WARN_OBJC_IMPLICIT_RETAIN_SELF = YES;
				CLANG_WARN_OBJC_LITERAL_CONVERSION = YES;
				CLANG_WARN_OBJC_ROOT_CLASS = YES_ERROR;
				CLANG_WARN_RANGE_LOOP_ANALYSIS = YES;
				CLANG_WARN_STRICT_PROTOTYPES = YES;
				CLANG_WARN_SUSPICIOUS_MOVE = YES;
				CLANG_WARN_UNGUARDED_AVAILABILITY = YES_AGGRESSIVE;
				CLANG_WARN_UNREACHABLE_CODE = YES;
				CLANG_WARN__DUPLICATE_METHOD_MATCH = YES;
				CODE_SIGN_IDENTITY = "iPhone Developer";
				COPY_PHASE_STRIP = NO;
				DEBUG_INFORMATION_FORMAT = "dwarf-with-dsym";
				ENABLE_NS_ASSERTIONS = NO;
				ENABLE_STRICT_OBJC_MSGSEND = YES;
				GCC_C_LANGUAGE_STANDARD = gnu11;
				GCC_NO_COMMON_BLOCKS = YES;
				GCC_WARN_64_TO_32_BIT_CONVERSION = YES;
				GCC_WARN_ABOUT_RETURN_TYPE = YES_ERROR;
				GCC_WARN_UNDECLARED_SELECTOR = YES;
				GCC_WARN_UNINITIALIZED_AUTOS = YES_AGGRESSIVE;
				GCC_WARN_UNUSED_FUNCTION = YES;
				GCC_WARN_UNUSED_VARIABLE = YES;
				IPHONEOS_DEPLOYMENT_TARGET = 12.1;
				MTL_ENABLE_DEBUG_INFO = NO;
				MTL_FAST_MATH = YES;
				SDKROOT = iphoneos;
				SWIFT_COMPILATION_MODE = wholemodule;
				SWIFT_OPTIMIZATION_LEVEL = "-O";
				VALIDATE_PRODUCT = YES;
			};
			name = Release;
		};
		DCD1A16B226D454700C8F6F5 /* Debug */ = {
			isa = XCBuildConfiguration;
			buildSettings = {
				ASSETCATALOG_COMPILER_APPICON_NAME = AppIcon;
				CODE_SIGN_STYLE = Automatic;
				DEVELOPMENT_TEAM = PZ4Q9P5KQE;
				INFOPLIST_FILE = QMBottomNavigationBar/Info.plist;
				LD_RUNPATH_SEARCH_PATHS = (
					"$(inherited)",
					"@executable_path/Frameworks",
				);
				PRODUCT_BUNDLE_IDENTIFIER = com.sm.QMBottomNavigationBar;
				PRODUCT_NAME = "$(TARGET_NAME)";
				SWIFT_VERSION = 4.2;
				TARGETED_DEVICE_FAMILY = "1,2";
			};
			name = Debug;
		};
		DCD1A16C226D454700C8F6F5 /* Release */ = {
			isa = XCBuildConfiguration;
			buildSettings = {
				ASSETCATALOG_COMPILER_APPICON_NAME = AppIcon;
				CODE_SIGN_STYLE = Automatic;
				DEVELOPMENT_TEAM = PZ4Q9P5KQE;
				INFOPLIST_FILE = QMBottomNavigationBar/Info.plist;
				LD_RUNPATH_SEARCH_PATHS = (
					"$(inherited)",
					"@executable_path/Frameworks",
				);
				PRODUCT_BUNDLE_IDENTIFIER = com.sm.QMBottomNavigationBar;
				PRODUCT_NAME = "$(TARGET_NAME)";
				SWIFT_VERSION = 4.2;
				TARGETED_DEVICE_FAMILY = "1,2";
			};
			name = Release;
		};
/* End XCBuildConfiguration section */

/* Begin XCConfigurationList section */
		DCD1A153226D454600C8F6F5 /* Build configuration list for PBXProject "QMBottomNavigationBar" */ = {
			isa = XCConfigurationList;
			buildConfigurations = (
				DCD1A168226D454700C8F6F5 /* Debug */,
				DCD1A169226D454700C8F6F5 /* Release */,
			);
			defaultConfigurationIsVisible = 0;
			defaultConfigurationName = Release;
		};
		DCD1A16A226D454700C8F6F5 /* Build configuration list for PBXNativeTarget "QMBottomNavigationBar" */ = {
			isa = XCConfigurationList;
			buildConfigurations = (
				DCD1A16B226D454700C8F6F5 /* Debug */,
				DCD1A16C226D454700C8F6F5 /* Release */,
			);
			defaultConfigurationIsVisible = 0;
			defaultConfigurationName = Release;
		};
/* End XCConfigurationList section */
	};
	rootObject = DCD1A150226D454600C8F6F5 /* Project object */;
}
